# This file is automatically @generated by Poetry 1.7.1 and should not be changed by hand.

[[package]]
name = "calc"
version = "1.0"
description = "A simple module with the basic functions of a calculator and the calculator itself."
optional = false
python-versions = "*"
files = [
    {file = "calc-1.0.zip", hash = "sha256:a04b54a0b894792e27e1a2d82b629d0d3da3dcc36e064d49746063b99cc653d2"},
]

[metadata]
lock-version = "2.0"
python-versions = "^3.11"
content-hash = "9ce7bcf7f421155b4cb4fb98488cd7c8a46fddf6b4fc66367fc730aedb51cf68"
